
Microsoft Visual Studio Solution File, Format Version 12.00
# Visual Studio Version 17
VisualStudioVersion = 17.3.32825.248
MinimumVisualStudioVersion = 10.0.40219.1
Project("{8BC9CEB8-8B4A-11D0-8D11-00A0C91BC942}") = "drinkMachine", "drinkMachine\drinkMachine.vcxproj", "{399F12CA-828B-43A5-92A3-8069C52522A8}"
EndProject
Global
	GlobalSection(SolutionConfigurationPlatforms) = preSolution
		Debug|x64 = Debug|x64
		Debug|x86 = Debug|x86
		Release|x64 = Release|x64
		Release|x86 = Release|x86
	EndGlobalSection
	GlobalSection(ProjectConfigurationPlatforms) = postSolution
		{399F12CA-828B-43A5-92A3-8069C52522A8}.Debug|x64.ActiveCfg = Debug|x64
		{399F12CA-828B-43A5-92A3-8069C52522A8}.Debug|x64.Build.0 = Debug|x64
		{399F12CA-828B-43A5-92A3-8069C52522A8}.Debug|x86.ActiveCfg = Debug|Win32
		{399F12CA-828B-43A5-92A3-8069C52522A8}.Debug|x86.Build.0 = Debug|Win32
		{399F12CA-828B-43A5-92A3-8069C52522A8}.Release|x64.ActiveCfg = Release|x64
		{399F12CA-828B-43A5-92A3-8069C52522A8}.Release|x64.Build.0 = Release|x64
		{399F12CA-828B-43A5-92A3-8069C52522A8}.Release|x86.ActiveCfg = Release|Win32
		{399F12CA-828B-43A5-92A3-8069C52522A8}.Release|x86.Build.0 = Release|Win32
	EndGlobalSection
	GlobalSection(SolutionProperties) = preSolution
		HideSolutionNode = FALSE
	EndGlobalSection
	GlobalSection(ExtensibilityGlobals) = postSolution
		SolutionGuid = {BA6171A3-CD81-4379-9428-450161923A62}
	EndGlobalSection
EndGlobal
